<?xml version="1.0" encoding="utf-8"?>
<Project ToolsVersion="4.0" xmlns="http://schemas.microsoft.com/developer/msbuild/2003">
  <ItemGroup>
    <Filter Include="Source Files">
      <UniqueIdentifier>{4FC737F1-C7A5-4376-A066-2A32D752A2FF}</UniqueIdentifier>
      <Extensions>cpp;c;cc;cxx;c++;cppm;ixx;def;odl;idl;hpj;bat;asm;asmx</Extensions>
    </Filter>
    <Filter Include="Header Files">
      <UniqueIdentifier>{93995380-89BD-4b04-88EB-625FBE52EBFB}</UniqueIdentifier>
      <Extensions>h;hh;hpp;hxx;h++;hm;inl;inc;ipp;xsd</Extensions>
    </Filter>
    <Filter Include="Resource Files">
      <UniqueIdentifier>{67DA6AB6-F800-4c08-8B7A-83BB121AAD01}</UniqueIdentifier>
      <Extensions>rc;ico;cur;bmp;dlg;rc2;rct;bin;rgs;gif;jpg;jpeg;jpe;resx;tiff;tif;png;wav;mfcribbon-ms</Extensions>
    </Filter>
    <Filter Include="Source Files\Neuron">
      <UniqueIdentifier>{ca4e9beb-4061-47fa-a612-c7c8f4ddc464}</UniqueIdentifier>
    </Filter>
    <Filter Include="Source Files\Render">
      <UniqueIdentifier>{16270c6e-5137-466d-b630-7773de029b33}</UniqueIdentifier>
    </Filter>
    <Filter Include="Shaders">
      <UniqueIdentifier>{2d9f043f-db75-475f-acf3-6a1f04e2c136}</UniqueIdentifier>
    </Filter>
    <Filter Include="Header Files\Render">
      <UniqueIdentifier>{765cafbe-6064-4e58-af00-1d469f7d5f06}</UniqueIdentifier>
    </Filter>
    <Filter Include="Header Files\Neuron">
      <UniqueIdentifier>{2c687ecb-acfd-4561-87ca-e33e848c7e88}</UniqueIdentifier>
    </Filter>
    <Filter Include="Source Files\Render\Passes">
      <UniqueIdentifier>{85cca647-dd04-4782-9cd6-a4ed04aaf688}</UniqueIdentifier>
    </Filter>
    <Filter Include="Header Files\Render\Passes">
      <UniqueIdentifier>{f83da41f-d2fc-4ba1-af54-7f17e6118675}</UniqueIdentifier>
    </Filter>
    <Filter Include="Source Files\Scene">
      <UniqueIdentifier>{15399e3b-f2ed-43b9-8a9b-fca44ec423b5}</UniqueIdentifier>
    </Filter>
    <Filter Include="Header Files\Scene">
      <UniqueIdentifier>{29537a32-b259-4542-9be7-50f252111ac3}</UniqueIdentifier>
    </Filter>
    <Filter Include="Header Files\UI">
      <UniqueIdentifier>{81a454f8-464a-4a11-a651-80b91cca82ec}</UniqueIdentifier>
    </Filter>
    <Filter Include="Header Files\Common">
      <UniqueIdentifier>{875eb15e-195a-42e9-a686-52edb9b08aff}</UniqueIdentifier>
    </Filter>
    <Filter Include="Header Files\Render\Graphs">
      <UniqueIdentifier>{a1ab680a-5d77-4cee-89be-6042f1f9ae0a}</UniqueIdentifier>
    </Filter>
    <Filter Include="Source Files\Render\Graphs">
      <UniqueIdentifier>{d0015645-90ac-458e-a1d5-02e2d8ce235c}</UniqueIdentifier>
    </Filter>
    <Filter Include="Source Files\UI">
      <UniqueIdentifier>{7a9a3ee6-3503-444b-b1f0-1cbe70522613}</UniqueIdentifier>
    </Filter>
    <Filter Include="Source Files\Common">
      <UniqueIdentifier>{d37a04fd-a83a-49e3-9e43-ee341367c20f}</UniqueIdentifier>
    </Filter>
    <Filter Include="Header Files\Assets">
      <UniqueIdentifier>{b80178b6-c93b-4b0d-a3aa-b0e7b0ba2937}</UniqueIdentifier>
    </Filter>
    <Filter Include="Source Files\Assets">
      <UniqueIdentifier>{9f2a5307-2ced-4429-8dcf-04cd585d63de}</UniqueIdentifier>
    </Filter>
    <Filter Include="Source Files\Assets\SubAssets">
      <UniqueIdentifier>{b4a93ec3-11e8-41a2-a085-85026414c042}</UniqueIdentifier>
    </Filter>
    <Filter Include="Source Files\Assets\Resources">
      <UniqueIdentifier>{f85933f3-8ab4-4689-bed6-aefc01bc5522}</UniqueIdentifier>
    </Filter>
    <Filter Include="Header Files\Assets\Resources">
      <UniqueIdentifier>{458cff70-e4c3-4897-8471-a04bbe2aa1ec}</UniqueIdentifier>
    </Filter>
    <Filter Include="Header Files\Assets\SubAssets">
      <UniqueIdentifier>{fd1db63e-066c-4919-85ed-0c039329fd87}</UniqueIdentifier>
    </Filter>
    <Filter Include="Source Files\Assets\Assets">
      <UniqueIdentifier>{8bb6d231-ec9f-41bb-a37a-8077d40a13bf}</UniqueIdentifier>
    </Filter>
    <Filter Include="Source Files\Assets\Material Graph">
      <UniqueIdentifier>{6f3ea7da-0b11-4768-b740-d3781a5d95a7}</UniqueIdentifier>
    </Filter>
    <Filter Include="Header Files\Assets\Assets">
      <UniqueIdentifier>{70e68596-c268-443c-8aa6-fd8ea44c1349}</UniqueIdentifier>
    </Filter>
    <Filter Include="Header Files\Assets\Material Graph">
      <UniqueIdentifier>{aebdb90f-4644-4cbb-b7ec-11ddc2dd21e8}</UniqueIdentifier>
    </Filter>
    <Filter Include="Header Files\Assets\Material Graph\Nodes">
      <UniqueIdentifier>{68345bd9-6603-49ed-a9bc-3be59d359a3a}</UniqueIdentifier>
    </Filter>
    <Filter Include="Source Files\Assets\Material Graph\Nodes">
      <UniqueIdentifier>{cc015c00-bc0d-4ac1-881e-0037289a02a9}</UniqueIdentifier>
    </Filter>
    <Filter Include="Header Files\Passes">
      <UniqueIdentifier>{0eb82cfc-8383-4dfd-ba9a-17e390e29623}</UniqueIdentifier>
    </Filter>
    <Filter Include="Header Files\Passes\Initialization">
      <UniqueIdentifier>{aee019c1-016c-48f6-adf7-807d65aaee03}</UniqueIdentifier>
    </Filter>
    <Filter Include="Header Files\Passes\Render">
      <UniqueIdentifier>{97f39b11-b0b4-4fc3-9e2b-52d02b77ab90}</UniqueIdentifier>
    </Filter>
    <Filter Include="Source Files\Passes">
      <UniqueIdentifier>{766fba96-dcae-4ef6-8dc5-16f7f21072e9}</UniqueIdentifier>
    </Filter>
    <Filter Include="Source Files\Passes\Render">
      <UniqueIdentifier>{0834e4f0-fad1-4a09-8a2b-94917c7f07eb}</UniqueIdentifier>
    </Filter>
    <Filter Include="Source Files\Passes\Initialization">
      <UniqueIdentifier>{c517e9bc-bfc6-420b-b9fc-0cd7e722b996}</UniqueIdentifier>
    </Filter>
    <Filter Include="Header Files\Systems">
      <UniqueIdentifier>{567fcc9c-c253-4654-9a37-d6773df91390}</UniqueIdentifier>
    </Filter>
    <Filter Include="Header Files\Systems\Managers">
      <UniqueIdentifier>{362d2c43-6ba6-4768-adbd-6d87a2da7d45}</UniqueIdentifier>
    </Filter>
    <Filter Include="Header Files\Systems\Serializers">
      <UniqueIdentifier>{718d1196-72ee-40de-8df2-8834f30255dc}</UniqueIdentifier>
    </Filter>
    <Filter Include="Source Files\Systems">
      <UniqueIdentifier>{7ebef692-fbec-43ce-aa7c-dac5c0dfd82e}</UniqueIdentifier>
    </Filter>
    <Filter Include="Source Files\Systems\Managers">
      <UniqueIdentifier>{9d16dc52-0a56-47a7-9c0c-b568c39b2d9a}</UniqueIdentifier>
    </Filter>
    <Filter Include="Source Files\Systems\Serializers">
      <UniqueIdentifier>{f409bd13-887f-478b-ba69-a295d59fa1d8}</UniqueIdentifier>
    </Filter>
  </ItemGroup>
  <ItemGroup>
    <ClCompile Include="App.cpp">
      <Filter>Source Files</Filter>
    </ClCompile>
    <ClCompile Include="Neuron.cpp">
      <Filter>Source Files\Neuron</Filter>
    </ClCompile>
    <ClCompile Include="NeuralCluster.cpp">
      <Filter>Source Files\Neuron</Filter>
    </ClCompile>
    <ClCompile Include="Synapse.cpp">
      <Filter>Source Files\Neuron</Filter>
    </ClCompile>
    <ClCompile Include="SensoryNeuron.cpp">
      <Filter>Source Files\Neuron</Filter>
    </ClCompile>
    <ClCompile Include="Actor.cpp">
      <Filter>Source Files\Scene</Filter>
    </ClCompile>
    <ClCompile Include="Camera.cpp">
      <Filter>Source Files\Scene</Filter>
    </ClCompile>
    <ClCompile Include="FPCamera.cpp">
      <Filter>Source Files\Scene</Filter>
    </ClCompile>
    <ClCompile Include="Light.cpp">
      <Filter>Source Files\Scene</Filter>
    </ClCompile>
    <ClCompile Include="InstanceManager.cpp">
      <Filter>Source Files\Scene</Filter>
    </ClCompile>
    <ClCompile Include="DescriptorHeapManager.cpp">
      <Filter>Source Files\Systems\Managers</Filter>
    </ClCompile>
    <ClCompile Include="UploadManager.cpp">
      <Filter>Source Files\Systems\Managers</Filter>
    </ClCompile>
    <ClCompile Include="GpuResourceManager.cpp">
      <Filter>Source Files\Systems\Managers</Filter>
    </ClCompile>
    <ClCompile Include="ThreadManager.cpp">
      <Filter>Source Files\Systems\Managers</Filter>
    </ClCompile>
    <ClCompile Include="ExecutionGraph.cpp">
      <Filter>Source Files\Render\Graphs</Filter>
    </ClCompile>
    <ClCompile Include="InitializationGraph.cpp">
      <Filter>Source Files\Render\Graphs</Filter>
    </ClCompile>
    <ClCompile Include="Utils.cpp">
      <Filter>Source Files\Common</Filter>
    </ClCompile>
    <ClCompile Include="ConstantBuffer.cpp">
      <Filter>Source Files\Assets\Resources</Filter>
    </ClCompile>
    <ClCompile Include="GpuResource.cpp">
      <Filter>Source Files\Assets\Resources</Filter>
    </ClCompile>
    <ClCompile Include="IndexBuffer.cpp">
      <Filter>Source Files\Assets\Resources</Filter>
    </ClCompile>
    <ClCompile Include="StructuredBuffer.cpp">
      <Filter>Source Files\Assets\Resources</Filter>
    </ClCompile>
    <ClCompile Include="Texture.cpp">
      <Filter>Source Files\Assets\Resources</Filter>
    </ClCompile>
    <ClCompile Include="VertexBuffer.cpp">
      <Filter>Source Files\Assets\Resources</Filter>
    </ClCompile>
    <ClCompile Include="TaskManager.cpp">
      <Filter>Source Files\Systems\Managers</Filter>
    </ClCompile>
    <ClCompile Include="AssetManager.cpp">
      <Filter>Source Files\Systems\Managers</Filter>
    </ClCompile>
    <ClCompile Include="Landscape.cpp">
      <Filter>Source Files</Filter>
    </ClCompile>
    <ClCompile Include="Material.cpp">
      <Filter>Source Files\Assets\Assets</Filter>
    </ClCompile>
    <ClCompile Include="Mesh.cpp">
      <Filter>Source Files\Assets\Assets</Filter>
    </ClCompile>
    <ClCompile Include="TextureAsset.cpp">
      <Filter>Source Files\Assets\Assets</Filter>
    </ClCompile>
    <ClCompile Include="MaterialNode.cpp">
      <Filter>Source Files\Assets\Material Graph</Filter>
    </ClCompile>
    <ClCompile Include="MaterialTemplate.cpp">
      <Filter>Source Files\Assets\Assets</Filter>
    </ClCompile>
    <ClCompile Include="ImportManager.cpp">
      <Filter>Source Files\Systems\Managers</Filter>
    </ClCompile>
    <ClCompile Include="VectorScaleNode.cpp">
      <Filter>Source Files\Assets\Material Graph\Nodes</Filter>
    </ClCompile>
    <ClCompile Include="VertexDataNode.cpp">
      <Filter>Source Files\Assets\Material Graph\Nodes</Filter>
    </ClCompile>
    <ClCompile Include="NormalMapNode.cpp">
      <Filter>Source Files\Assets\Material Graph\Nodes</Filter>
    </ClCompile>
    <ClCompile Include="ScalarParameterNode.cpp">
      <Filter>Source Files\Assets\Material Graph\Nodes</Filter>
    </ClCompile>
    <ClCompile Include="VectorBreakNode.cpp">
      <Filter>Source Files\Assets\Material Graph\Nodes</Filter>
    </ClCompile>
    <ClCompile Include="Asset.cpp">
      <Filter>Source Files\Assets</Filter>
    </ClCompile>
    <ClCompile Include="SubMesh.cpp">
      <Filter>Source Files\Assets</Filter>
    </ClCompile>
    <ClCompile Include="JsonSerializer.cpp">
      <Filter>Source Files\Systems\Serializers</Filter>
    </ClCompile>
    <ClCompile Include="Model.cpp">
      <Filter>Source Files\Assets\Assets</Filter>
    </ClCompile>
    <ClCompile Include="SystemManager.cpp">
      <Filter>Source Files\Systems\Managers</Filter>
    </ClCompile>
    <ClCompile Include="ImGuiLayer.cpp">
      <Filter>Source Files\Systems\Managers</Filter>
    </ClCompile>
    <ClCompile Include="BeginFramePass.cpp">
      <Filter>Source Files\Passes\Render</Filter>
    </ClCompile>
    <ClCompile Include="EndFramePass.cpp">
      <Filter>Source Files\Passes\Render</Filter>
    </ClCompile>
    <ClCompile Include="UIRenderPass.cpp">
      <Filter>Source Files\Passes\Render</Filter>
    </ClCompile>
    <ClCompile Include="GraphPass.cpp">
      <Filter>Source Files\Passes</Filter>
    </ClCompile>
    <ClCompile Include="SceneInitPass.cpp">
      <Filter>Source Files\Render\Passes</Filter>
    </ClCompile>
    <ClCompile Include="SceneRenderPass.cpp">
      <Filter>Source Files\Render\Passes</Filter>
    </ClCompile>
    <ClCompile Include="UploadPass.cpp">
      <Filter>Source Files\Passes\Initialization</Filter>
    </ClCompile>
    <ClCompile Include="InputSystem.cpp">
      <Filter>Source Files\Systems</Filter>
    </ClCompile>
    <ClCompile Include="System.cpp">
      <Filter>Source Files\Systems</Filter>
    </ClCompile>
    <ClCompile Include="Window.cpp">
      <Filter>Source Files\Systems</Filter>
    </ClCompile>
    <ClCompile Include="Renderer.cpp">
      <Filter>Source Files\Systems</Filter>
    </ClCompile>
    <ClCompile Include="Scene.cpp">
      <Filter>Source Files\Assets\Assets</Filter>
    </ClCompile>
    <ClCompile Include="ModifierTemplate.cpp">
      <Filter>Source Files</Filter>
    </ClCompile>
    <ClCompile Include="Modifier.cpp">
      <Filter>Source Files</Filter>
    </ClCompile>
  </ItemGroup>
  <ItemGroup>
    <ClInclude Include="App.h">
      <Filter>Header Files</Filter>
    </ClInclude>
    <ClInclude Include="NeuralCluster.h">
      <Filter>Header Files\Neuron</Filter>
    </ClInclude>
    <ClInclude Include="Neuron.h">
      <Filter>Header Files\Neuron</Filter>
    </ClInclude>
    <ClInclude Include="Synapse.h">
      <Filter>Header Files\Neuron</Filter>
    </ClInclude>
    <ClInclude Include="SensoryNeuron.h">
      <Filter>Header Files\Neuron</Filter>
    </ClInclude>
    <ClInclude Include="SceneRenderPass.h">
      <Filter>Header Files\Render\Passes</Filter>
    </ClInclude>
    <ClInclude Include="LandscapePass.h">
      <Filter>Header Files\Render\Passes</Filter>
    </ClInclude>
    <ClInclude Include="Actor.h">
      <Filter>Header Files\Scene</Filter>
    </ClInclude>
    <ClInclude Include="Light.h">
      <Filter>Header Files\Scene</Filter>
    </ClInclude>
    <ClInclude Include="Camera.h">
      <Filter>Header Files\Scene</Filter>
    </ClInclude>
    <ClInclude Include="FPCamera.h">
      <Filter>Header Files\Scene</Filter>
    </ClInclude>
    <ClInclude Include="InstanceManager.h">
      <Filter>Header Files\Scene</Filter>
    </ClInclude>
    <ClInclude Include="SceneInitPass.h">
      <Filter>Header Files\Render\Passes</Filter>
    </ClInclude>
    <ClInclude Include="DescriptorHeapManager.h">
      <Filter>Header Files\Systems\Managers</Filter>
    </ClInclude>
    <ClInclude Include="UploadManager.h">
      <Filter>Header Files\Systems\Managers</Filter>
    </ClInclude>
    <ClInclude Include="GpuResourceManager.h">
      <Filter>Header Files\Systems\Managers</Filter>
    </ClInclude>
    <ClInclude Include="ThreadManager.h">
      <Filter>Header Files\Systems\Managers</Filter>
    </ClInclude>
    <ClInclude Include="ImGuiLayer.h">
      <Filter>Header Files\UI</Filter>
    </ClInclude>
    <ClInclude Include="DataStructures.h">
      <Filter>Header Files\Common</Filter>
    </ClInclude>
    <ClInclude Include="Types.h">
      <Filter>Header Files\Common</Filter>
    </ClInclude>
    <ClInclude Include="Utils.h">
      <Filter>Header Files\Common</Filter>
    </ClInclude>
    <ClInclude Include="InitializationGraph.h">
      <Filter>Header Files\Render\Graphs</Filter>
    </ClInclude>
    <ClInclude Include="ExecutionGraph.h">
      <Filter>Header Files\Render\Graphs</Filter>
    </ClInclude>
    <ClInclude Include="ConstantBuffer.h">
      <Filter>Header Files\Assets\Resources</Filter>
    </ClInclude>
    <ClInclude Include="IndexBuffer.h">
      <Filter>Header Files\Assets\Resources</Filter>
    </ClInclude>
    <ClInclude Include="StructuredBuffer.h">
      <Filter>Header Files\Assets\Resources</Filter>
    </ClInclude>
    <ClInclude Include="Texture.h">
      <Filter>Header Files\Assets\Resources</Filter>
    </ClInclude>
    <ClInclude Include="VertexBuffer.h">
      <Filter>Header Files\Assets\Resources</Filter>
    </ClInclude>
    <ClInclude Include="AssetManager.h">
      <Filter>Header Files\Systems\Managers</Filter>
    </ClInclude>
    <ClInclude Include="TaskManager.h">
      <Filter>Header Files\Systems\Managers</Filter>
    </ClInclude>
    <ClInclude Include="Landscape.h">
      <Filter>Header Files</Filter>
    </ClInclude>
    <ClInclude Include="SubMesh.h">
      <Filter>Header Files\Assets\SubAssets</Filter>
    </ClInclude>
    <ClInclude Include="Material.h">
      <Filter>Header Files\Assets\Assets</Filter>
    </ClInclude>
    <ClInclude Include="Mesh.h">
      <Filter>Header Files\Assets\Assets</Filter>
    </ClInclude>
    <ClInclude Include="TextureAsset.h">
      <Filter>Header Files\Assets\Assets</Filter>
    </ClInclude>
    <ClInclude Include="MaterialNode.h">
      <Filter>Header Files\Assets\Material Graph</Filter>
    </ClInclude>
    <ClInclude Include="TextureSamplerNode.h">
      <Filter>Header Files\Assets\Material Graph\Nodes</Filter>
    </ClInclude>
    <ClInclude Include="MaterialOutputNode.h">
      <Filter>Header Files\Assets\Material Graph\Nodes</Filter>
    </ClInclude>
    <ClInclude Include="NodeTypes.h">
      <Filter>Header Files\Assets\Material Graph</Filter>
    </ClInclude>
    <ClInclude Include="MaterialTemplate.h">
      <Filter>Header Files\Assets\Assets</Filter>
    </ClInclude>
    <ClInclude Include="JsonSerializer.h">
      <Filter>Header Files\Systems\Serializers</Filter>
    </ClInclude>
    <ClInclude Include="VertexDataNode.h">
      <Filter>Header Files\Assets\Material Graph\Nodes</Filter>
    </ClInclude>
    <ClInclude Include="VectorScaleNode.h">
      <Filter>Header Files\Assets\Material Graph\Nodes</Filter>
    </ClInclude>
    <ClInclude Include="ImportManager.h">
      <Filter>Header Files\Systems\Managers</Filter>
    </ClInclude>
    <ClInclude Include="NormalMapNode.h">
      <Filter>Header Files\Assets\Material Graph\Nodes</Filter>
    </ClInclude>
    <ClInclude Include="VectorBreakNode.h">
      <Filter>Header Files\Assets\Material Graph\Nodes</Filter>
    </ClInclude>
    <ClInclude Include="ScalarParameterNode.h">
      <Filter>Header Files\Assets\Material Graph\Nodes</Filter>
    </ClInclude>
    <ClInclude Include="Asset.h">
      <Filter>Header Files\Assets</Filter>
    </ClInclude>
    <ClInclude Include="SubAsset.h">
      <Filter>Header Files\Assets</Filter>
    </ClInclude>
    <ClInclude Include="Model.h">
      <Filter>Header Files\Assets\Assets</Filter>
    </ClInclude>
    <ClInclude Include="GpuResource.h">
      <Filter>Header Files\Assets</Filter>
    </ClInclude>
    <ClInclude Include="UploadPass.h">
      <Filter>Header Files\Passes\Initialization</Filter>
    </ClInclude>
    <ClInclude Include="BeginFramePass.h">
      <Filter>Header Files\Passes\Render</Filter>
    </ClInclude>
    <ClInclude Include="EndFramePass.h">
      <Filter>Header Files\Passes\Render</Filter>
    </ClInclude>
    <ClInclude Include="GraphPass.h">
      <Filter>Header Files\Passes</Filter>
    </ClInclude>
    <ClInclude Include="UIRenderPass.h">
      <Filter>Header Files\Passes\Render</Filter>
    </ClInclude>
    <ClInclude Include="SystemManager.h">
      <Filter>Header Files\Systems\Managers</Filter>
    </ClInclude>
    <ClInclude Include="Renderer.h">
      <Filter>Header Files\Systems</Filter>
    </ClInclude>
    <ClInclude Include="Window.h">
      <Filter>Header Files\Systems</Filter>
    </ClInclude>
    <ClInclude Include="NodeLibrary.h">
      <Filter>Header Files\Systems</Filter>
    </ClInclude>
    <ClInclude Include="System.h">
      <Filter>Header Files\Systems</Filter>
    </ClInclude>
    <ClInclude Include="InputSystem.h">
      <Filter>Header Files\Systems</Filter>
    </ClInclude>
    <ClInclude Include="Scene.h">
      <Filter>Header Files\Assets\Assets</Filter>
    </ClInclude>
    <ClInclude Include="SceneData.h">
      <Filter>Header Files\Common</Filter>
    </ClInclude>
    <ClInclude Include="ModifierTemplate.h">
      <Filter>Header Files\Assets\Assets</Filter>
    </ClInclude>
    <ClInclude Include="Modifier.h">
      <Filter>Header Files\Assets\Assets</Filter>
    </ClInclude>
    <ClInclude Include="ShaderBindings.h">
      <Filter>Header Files\Common</Filter>
    </ClInclude>
  </ItemGroup>
  <ItemGroup>
    <FxCompile Include="PbrPS.hlsl">
      <Filter>Shaders</Filter>
    </FxCompile>
    <FxCompile Include="PbrVS.hlsl">
      <Filter>Shaders</Filter>
    </FxCompile>
    <FxCompile Include="LandscapeVS.hlsl">
      <Filter>Shaders</Filter>
    </FxCompile>
    <FxCompile Include="LandscapePS.hlsl">
      <Filter>Shaders</Filter>
    </FxCompile>
    <FxCompile Include="Material.hlsl">
      <Filter>Shaders</Filter>
    </FxCompile>
    <FxCompile Include="scratch.hlsl">
      <Filter>Shaders</Filter>
    </FxCompile>
  </ItemGroup>
  <ItemGroup>
    <None Include="Common.hlsli">
      <Filter>Shaders</Filter>
    </None>
  </ItemGroup>
</Project>